
Microsoft Visual Studio Solution File, Format Version 12.00
# Visual Studio Version 18
VisualStudioVersion = 18.5.11723.231 stable
MinimumVisualStudioVersion = 10.0.40219.1
Project("{FAE04EC0-301F-11D3-BF4B-00C04F79EFBC}") = "Tarea3_GestionEmpleados", "Tarea3_GestionEmpleados.csproj", "{AF870489-5CF6-FEB2-A9E5-58829E363E07}"
EndProject
Global
	GlobalSection(SolutionConfigurationPlatforms) = preSolution
		Debug|Any CPU = Debug|Any CPU
		Release|Any CPU = Release|Any CPU
	EndGlobalSection
	GlobalSection(ProjectConfigurationPlatforms) = postSolution
		{AF870489-5CF6-FEB2-A9E5-58829E363E07}.Debug|Any CPU.ActiveCfg = Debug|Any CPU
		{AF870489-5CF6-FEB2-A9E5-58829E363E07}.Debug|Any CPU.Build.0 = Debug|Any CPU
		{AF870489-5CF6-FEB2-A9E5-58829E363E07}.Release|Any CPU.ActiveCfg = Release|Any CPU
		{AF870489-5CF6-FEB2-A9E5-58829E363E07}.Release|Any CPU.Build.0 = Release|Any CPU
	EndGlobalSection
	GlobalSection(SolutionProperties) = preSolution
		HideSolutionNode = FALSE
	EndGlobalSection
	GlobalSection(ExtensibilityGlobals) = postSolution
		SolutionGuid = {4B689964-7D8B-4293-83FF-81822BA9A256}
	EndGlobalSection
EndGlobal
